// !$*UTF8*$!
{
	archiveVersion = 1;
	classes = {
	};
	objectVersion = 46;
	objects = {

/* Begin PBXBuildFile section */
		7E95CE5EB23C529287591F99 /* Pods_Premiere___Control.framework in Frameworks */ = {isa = PBXBuildFile; fileRef = CB251B22AE14EABF0FFD3B7B /* Pods_Premiere___Control.framework */; };
		BC07E00F1C51D66500052DC7 /* UDPNet.swift in Sources */ = {isa = PBXBuildFile; fileRef = BC07E00E1C51D66500052DC7 /* UDPNet.swift */; };
		BC41FE901C060094004FBA72 /* AppDelegate.swift in Sources */ = {isa = PBXBuildFile; fileRef = BC41FE8F1C060094004FBA72 /* AppDelegate.swift */; };
		BC41FE921C060094004FBA72 /* FixturesSplitViewController.swift in Sources */ = {isa = PBXBuildFile; fileRef = BC41FE911C060094004FBA72 /* FixturesSplitViewController.swift */; };
		BC41FE941C060094004FBA72 /* SubmastersSplitViewController.swift in Sources */ = {isa = PBXBuildFile; fileRef = BC41FE931C060094004FBA72 /* SubmastersSplitViewController.swift */; };
		BC41FE991C060094004FBA72 /* Assets.xcassets in Resources */ = {isa = PBXBuildFile; fileRef = BC41FE981C060094004FBA72 /* Assets.xcassets */; };
		BC41FE9C1C060094004FBA72 /* LaunchScreen.storyboard in Resources */ = {isa = PBXBuildFile; fileRef = BC41FE9A1C060094004FBA72 /* LaunchScreen.storyboard */; };
		BC41FEA71C060095004FBA72 /* Premiere___ControlTests.swift in Sources */ = {isa = PBXBuildFile; fileRef = BC41FEA61C060095004FBA72 /* Premiere___ControlTests.swift */; };
		BC5C2B481C1DD90E00B16077 /* FixtureEditDynamicCells.swift in Sources */ = {isa = PBXBuildFile; fileRef = BC5C2B471C1DD90E00B16077 /* FixtureEditDynamicCells.swift */; };
		BC5D9C4E1C2D154700E4DB6A /* Data.swift in Sources */ = {isa = PBXBuildFile; fileRef = BC5D9C4D1C2D154700E4DB6A /* Data.swift */; };
		BC6126FA1C15CEC900C22F5E /* FixtureEditViewController.swift in Sources */ = {isa = PBXBuildFile; fileRef = BC6126F91C15CEC900C22F5E /* FixtureEditViewController.swift */; };
		BC6126FD1C15D14100C22F5E /* GenericProperty.swift in Sources */ = {isa = PBXBuildFile; fileRef = BC6126FC1C15D14100C22F5E /* GenericProperty.swift */; };
		BC6126FF1C15D16E00C22F5E /* ColourProperty.swift in Sources */ = {isa = PBXBuildFile; fileRef = BC6126FE1C15D16E00C22F5E /* ColourProperty.swift */; };
		BC6127011C15D1A100C22F5E /* ScrollerProperty.swift in Sources */ = {isa = PBXBuildFile; fileRef = BC6127001C15D1A100C22F5E /* ScrollerProperty.swift */; };
		BC6127031C15D1C400C22F5E /* PositionProperty.swift in Sources */ = {isa = PBXBuildFile; fileRef = BC6127021C15D1C400C22F5E /* PositionProperty.swift */; };
		BC6127051C15D55900C22F5E /* FixtureTableViewCell.swift in Sources */ = {isa = PBXBuildFile; fileRef = BC6127041C15D55900C22F5E /* FixtureTableViewCell.swift */; };
		BC6127091C1628CD00C22F5E /* KeypadViewController.swift in Sources */ = {isa = PBXBuildFile; fileRef = BC6127081C1628CD00C22F5E /* KeypadViewController.swift */; };
		BC7025611C335EB4007E6411 /* SubmasterDetailViewController.swift in Sources */ = {isa = PBXBuildFile; fileRef = BC7025601C335EB4007E6411 /* SubmasterDetailViewController.swift */; };
		BC7D337D1C493BFD00147FA6 /* Communications.swift in Sources */ = {isa = PBXBuildFile; fileRef = BC7D337C1C493BFD00147FA6 /* Communications.swift */; };
		BC8B90941C34D78400E39ED8 /* PopoverPicker.swift in Sources */ = {isa = PBXBuildFile; fileRef = BC8B90931C34D78400E39ED8 /* PopoverPicker.swift */; };
		BC8B90961C34D8F200E39ED8 /* Aux.storyboard in Resources */ = {isa = PBXBuildFile; fileRef = BC8B90951C34D8F200E39ED8 /* Aux.storyboard */; };
		BCBF4F3F1C168ED5008C7192 /* FixtureDetailViewController.swift in Sources */ = {isa = PBXBuildFile; fileRef = BCBF4F3E1C168ED5008C7192 /* FixtureDetailViewController.swift */; };
		BCD43ADE1C08A1EE005ABA97 /* FixtureTableViewController.swift in Sources */ = {isa = PBXBuildFile; fileRef = BCD43ADD1C08A1EE005ABA97 /* FixtureTableViewController.swift */; };
		BCD43AE01C08A20A005ABA97 /* SubmasterTableViewController.swift in Sources */ = {isa = PBXBuildFile; fileRef = BCD43ADF1C08A20A005ABA97 /* SubmasterTableViewController.swift */; };
		BCD43AE81C08A5F5005ABA97 /* SubmasterTableViewCell.swift in Sources */ = {isa = PBXBuildFile; fileRef = BCD43AE71C08A5F5005ABA97 /* SubmasterTableViewCell.swift */; };
		BCD43AEA1C08BE96005ABA97 /* Fixture.swift in Sources */ = {isa = PBXBuildFile; fileRef = BCD43AE91C08BE96005ABA97 /* Fixture.swift */; };
		BCD43AEC1C08BEB1005ABA97 /* Submaster.swift in Sources */ = {isa = PBXBuildFile; fileRef = BCD43AEB1C08BEB1005ABA97 /* Submaster.swift */; };
		BCD43AEF1C092450005ABA97 /* Cue.swift in Sources */ = {isa = PBXBuildFile; fileRef = BCD43AEE1C092450005ABA97 /* Cue.swift */; };
		BCD43AF31C0924B1005ABA97 /* CuesSplitViewController.swift in Sources */ = {isa = PBXBuildFile; fileRef = BCD43AF21C0924B1005ABA97 /* CuesSplitViewController.swift */; };
		BCD43AF51C0924C5005ABA97 /* CueTableViewController.swift in Sources */ = {isa = PBXBuildFile; fileRef = BCD43AF41C0924C5005ABA97 /* CueTableViewController.swift */; };
		BCD43AF71C0924E5005ABA97 /* CueTableViewCell.swift in Sources */ = {isa = PBXBuildFile; fileRef = BCD43AF61C0924E5005ABA97 /* CueTableViewCell.swift */; };
		BCD43AF91C092509005ABA97 /* CueViewController.swift in Sources */ = {isa = PBXBuildFile; fileRef = BCD43AF81C092509005ABA97 /* CueViewController.swift */; };
		BCD43B001C0AA7CC005ABA97 /* SubmasterEditViewController.swift in Sources */ = {isa = PBXBuildFile; fileRef = BCD43AFF1C0AA7CC005ABA97 /* SubmasterEditViewController.swift */; };
		BCD43B031C0AA7DE005ABA97 /* CueEditViewController.swift in Sources */ = {isa = PBXBuildFile; fileRef = BCD43B021C0AA7DE005ABA97 /* CueEditViewController.swift */; };
		BCD43B321C0B91CB005ABA97 /* Main.storyboard in Resources */ = {isa = PBXBuildFile; fileRef = BCD43B311C0B91CB005ABA97 /* Main.storyboard */; };
		BCD43B381C0CA970005ABA97 /* OptionsTableViewController.swift in Sources */ = {isa = PBXBuildFile; fileRef = BCD43B371C0CA970005ABA97 /* OptionsTableViewController.swift */; };
		BCD43B3A1C0F457B005ABA97 /* Dimmer.swift in Sources */ = {isa = PBXBuildFile; fileRef = BCD43B391C0F457B005ABA97 /* Dimmer.swift */; };
		BCD43B3C1C0F49A0005ABA97 /* DMX.swift in Sources */ = {isa = PBXBuildFile; fileRef = BCD43B3B1C0F49A0005ABA97 /* DMX.swift */; };
		BCD43B3E1C108B06005ABA97 /* Propriety.swift in Sources */ = {isa = PBXBuildFile; fileRef = BCD43B3D1C108B06005ABA97 /* Propriety.swift */; };
/* End PBXBuildFile section */

/* Begin PBXContainerItemProxy section */
		BC41FEA31C060095004FBA72 /* PBXContainerItemProxy */ = {
			isa = PBXContainerItemProxy;
			containerPortal = BC41FE841C060094004FBA72 /* Project object */;
			proxyType = 1;
			remoteGlobalIDString = BC41FE8B1C060094004FBA72;
			remoteInfo = "Premiere - Control";
		};
/* End PBXContainerItemProxy section */

/* Begin PBXFileReference section */
		5EBD5621F1EE51BEDCDE10EC /* Pods-Premiere - Control.release.xcconfig */ = {isa = PBXFileReference; includeInIndex = 1; lastKnownFileType = text.xcconfig; name = "Pods-Premiere - Control.release.xcconfig"; path = "Pods/Target Support Files/Pods-Premiere - Control/Pods-Premiere - Control.release.xcconfig"; sourceTree = "<group>"; };
		6E8E376138AC4D1DFB36A246 /* Pods-Premiere - Control.debug.xcconfig */ = {isa = PBXFileReference; includeInIndex = 1; lastKnownFileType = text.xcconfig; name = "Pods-Premiere - Control.debug.xcconfig"; path = "Pods/Target Support Files/Pods-Premiere - Control/Pods-Premiere - Control.debug.xcconfig"; sourceTree = "<group>"; };
		BC07E00E1C51D66500052DC7 /* UDPNet.swift */ = {isa = PBXFileReference; fileEncoding = 4; lastKnownFileType = sourcecode.swift; path = UDPNet.swift; sourceTree = "<group>"; };
		BC41FE8C1C060094004FBA72 /* Premiere.app */ = {isa = PBXFileReference; explicitFileType = wrapper.application; includeInIndex = 0; path = Premiere.app; sourceTree = BUILT_PRODUCTS_DIR; };
		BC41FE8F1C060094004FBA72 /* AppDelegate.swift */ = {isa = PBXFileReference; lastKnownFileType = sourcecode.swift; path = AppDelegate.swift; sourceTree = "<group>"; };
		BC41FE911C060094004FBA72 /* FixturesSplitViewController.swift */ = {isa = PBXFileReference; lastKnownFileType = sourcecode.swift; path = FixturesSplitViewController.swift; sourceTree = "<group>"; };
		BC41FE931C060094004FBA72 /* SubmastersSplitViewController.swift */ = {isa = PBXFileReference; lastKnownFileType = sourcecode.swift; path = SubmastersSplitViewController.swift; sourceTree = "<group>"; };
		BC41FE981C060094004FBA72 /* Assets.xcassets */ = {isa = PBXFileReference; lastKnownFileType = folder.assetcatalog; path = Assets.xcassets; sourceTree = "<group>"; };
		BC41FE9B1C060094004FBA72 /* Base */ = {isa = PBXFileReference; lastKnownFileType = file.storyboard; name = Base; path = Base.lproj/LaunchScreen.storyboard; sourceTree = "<group>"; };
		BC41FE9D1C060094004FBA72 /* Info.plist */ = {isa = PBXFileReference; lastKnownFileType = text.plist.xml; path = Info.plist; sourceTree = "<group>"; };
		BC41FEA21C060095004FBA72 /* Premiere - ControlTests.xctest */ = {isa = PBXFileReference; explicitFileType = wrapper.cfbundle; includeInIndex = 0; path = "Premiere - ControlTests.xctest"; sourceTree = BUILT_PRODUCTS_DIR; };
		BC41FEA61C060095004FBA72 /* Premiere___ControlTests.swift */ = {isa = PBXFileReference; lastKnownFileType = sourcecode.swift; path = "Premiere___ControlTests.swift"; sourceTree = "<group>"; };
		BC41FEA81C060095004FBA72 /* Info.plist */ = {isa = PBXFileReference; lastKnownFileType = text.plist.xml; path = Info.plist; sourceTree = "<group>"; };
		BC5C2B471C1DD90E00B16077 /* FixtureEditDynamicCells.swift */ = {isa = PBXFileReference; fileEncoding = 4; lastKnownFileType = sourcecode.swift; path = FixtureEditDynamicCells.swift; sourceTree = "<group>"; };
		BC5D9C4D1C2D154700E4DB6A /* Data.swift */ = {isa = PBXFileReference; fileEncoding = 4; lastKnownFileType = sourcecode.swift; path = Data.swift; sourceTree = "<group>"; };
		BC6126F91C15CEC900C22F5E /* FixtureEditViewController.swift */ = {isa = PBXFileReference; fileEncoding = 4; lastKnownFileType = sourcecode.swift; path = FixtureEditViewController.swift; sourceTree = "<group>"; };
		BC6126FC1C15D14100C22F5E /* GenericProperty.swift */ = {isa = PBXFileReference; fileEncoding = 4; lastKnownFileType = sourcecode.swift; path = GenericProperty.swift; sourceTree = "<group>"; };
		BC6126FE1C15D16E00C22F5E /* ColourProperty.swift */ = {isa = PBXFileReference; fileEncoding = 4; lastKnownFileType = sourcecode.swift; path = ColourProperty.swift; sourceTree = "<group>"; };
		BC6127001C15D1A100C22F5E /* ScrollerProperty.swift */ = {isa = PBXFileReference; fileEncoding = 4; lastKnownFileType = sourcecode.swift; path = ScrollerProperty.swift; sourceTree = "<group>"; };
		BC6127021C15D1C400C22F5E /* PositionProperty.swift */ = {isa = PBXFileReference; fileEncoding = 4; lastKnownFileType = sourcecode.swift; path = PositionProperty.swift; sourceTree = "<group>"; };
		BC6127041C15D55900C22F5E /* FixtureTableViewCell.swift */ = {isa = PBXFileReference; fileEncoding = 4; lastKnownFileType = sourcecode.swift; path = FixtureTableViewCell.swift; sourceTree = "<group>"; };
		BC6127081C1628CD00C22F5E /* KeypadViewController.swift */ = {isa = PBXFileReference; fileEncoding = 4; lastKnownFileType = sourcecode.swift; path = KeypadViewController.swift; sourceTree = "<group>"; };
		BC7025601C335EB4007E6411 /* SubmasterDetailViewController.swift */ = {isa = PBXFileReference; fileEncoding = 4; lastKnownFileType = sourcecode.swift; path = SubmasterDetailViewController.swift; sourceTree = "<group>"; };
		BC7D337C1C493BFD00147FA6 /* Communications.swift */ = {isa = PBXFileReference; fileEncoding = 4; lastKnownFileType = sourcecode.swift; path = Communications.swift; sourceTree = "<group>"; };
		BC8B90931C34D78400E39ED8 /* PopoverPicker.swift */ = {isa = PBXFileReference; fileEncoding = 4; lastKnownFileType = sourcecode.swift; path = PopoverPicker.swift; sourceTree = "<group>"; };
		BC8B90951C34D8F200E39ED8 /* Aux.storyboard */ = {isa = PBXFileReference; fileEncoding = 4; lastKnownFileType = file.storyboard; path = Aux.storyboard; sourceTree = "<group>"; };
		BCBF4F3E1C168ED5008C7192 /* FixtureDetailViewController.swift */ = {isa = PBXFileReference; fileEncoding = 4; lastKnownFileType = sourcecode.swift; path = FixtureDetailViewController.swift; sourceTree = "<group>"; };
		BCC0C64E1C36C17300E0E091 /* Premiere - Control-Bridging-Header.h */ = {isa = PBXFileReference; lastKnownFileType = sourcecode.c.h; path = "Premiere - Control-Bridging-Header.h"; sourceTree = "<group>"; };
		BCD43ADD1C08A1EE005ABA97 /* FixtureTableViewController.swift */ = {isa = PBXFileReference; fileEncoding = 4; lastKnownFileType = sourcecode.swift; path = FixtureTableViewController.swift; sourceTree = "<group>"; };
		BCD43ADF1C08A20A005ABA97 /* SubmasterTableViewController.swift */ = {isa = PBXFileReference; fileEncoding = 4; lastKnownFileType = sourcecode.swift; path = SubmasterTableViewController.swift; sourceTree = "<group>"; };
		BCD43AE71C08A5F5005ABA97 /* SubmasterTableViewCell.swift */ = {isa = PBXFileReference; fileEncoding = 4; lastKnownFileType = sourcecode.swift; path = SubmasterTableViewCell.swift; sourceTree = "<group>"; };
		BCD43AE91C08BE96005ABA97 /* Fixture.swift */ = {isa = PBXFileReference; fileEncoding = 4; lastKnownFileType = sourcecode.swift; path = Fixture.swift; sourceTree = "<group>"; };
		BCD43AEB1C08BEB1005ABA97 /* Submaster.swift */ = {isa = PBXFileReference; fileEncoding = 4; lastKnownFileType = sourcecode.swift; path = Submaster.swift; sourceTree = "<group>"; };
		BCD43AEE1C092450005ABA97 /* Cue.swift */ = {isa = PBXFileReference; fileEncoding = 4; lastKnownFileType = sourcecode.swift; path = Cue.swift; sourceTree = "<group>"; };
		BCD43AF21C0924B1005ABA97 /* CuesSplitViewController.swift */ = {isa = PBXFileReference; fileEncoding = 4; lastKnownFileType = sourcecode.swift; path = CuesSplitViewController.swift; sourceTree = "<group>"; };
		BCD43AF41C0924C5005ABA97 /* CueTableViewController.swift */ = {isa = PBXFileReference; fileEncoding = 4; lastKnownFileType = sourcecode.swift; path = CueTableViewController.swift; sourceTree = "<group>"; };
		BCD43AF61C0924E5005ABA97 /* CueTableViewCell.swift */ = {isa = PBXFileReference; fileEncoding = 4; lastKnownFileType = sourcecode.swift; path = CueTableViewCell.swift; sourceTree = "<group>"; };
		BCD43AF81C092509005ABA97 /* CueViewController.swift */ = {isa = PBXFileReference; fileEncoding = 4; lastKnownFileType = sourcecode.swift; path = CueViewController.swift; sourceTree = "<group>"; };
		BCD43AFF1C0AA7CC005ABA97 /* SubmasterEditViewController.swift */ = {isa = PBXFileReference; fileEncoding = 4; lastKnownFileType = sourcecode.swift; path = SubmasterEditViewController.swift; sourceTree = "<group>"; };
		BCD43B021C0AA7DE005ABA97 /* CueEditViewController.swift */ = {isa = PBXFileReference; fileEncoding = 4; lastKnownFileType = sourcecode.swift; path = CueEditViewController.swift; sourceTree = "<group>"; };
		BCD43B311C0B91CB005ABA97 /* Main.storyboard */ = {isa = PBXFileReference; fileEncoding = 4; lastKnownFileType = file.storyboard; path = Main.storyboard; sourceTree = "<group>"; };
		BCD43B371C0CA970005ABA97 /* OptionsTableViewController.swift */ = {isa = PBXFileReference; fileEncoding = 4; lastKnownFileType = sourcecode.swift; path = OptionsTableViewController.swift; sourceTree = "<group>"; };
		BCD43B391C0F457B005ABA97 /* Dimmer.swift */ = {isa = PBXFileReference; fileEncoding = 4; lastKnownFileType = sourcecode.swift; path = Dimmer.swift; sourceTree = "<group>"; };
		BCD43B3B1C0F49A0005ABA97 /* DMX.swift */ = {isa = PBXFileReference; fileEncoding = 4; lastKnownFileType = sourcecode.swift; path = DMX.swift; sourceTree = "<group>"; };
		BCD43B3D1C108B06005ABA97 /* Propriety.swift */ = {isa = PBXFileReference; fileEncoding = 4; lastKnownFileType = sourcecode.swift; path = Propriety.swift; sourceTree = "<group>"; };
		CB251B22AE14EABF0FFD3B7B /* Pods_Premiere___Control.framework */ = {isa = PBXFileReference; explicitFileType = wrapper.framework; includeInIndex = 0; path = "Pods_Premiere___Control.framework"; sourceTree = BUILT_PRODUCTS_DIR; };
/* End PBXFileReference section */

/* Begin PBXFrameworksBuildPhase section */
		BC41FE891C060094004FBA72 /* Frameworks */ = {
			isa = PBXFrameworksBuildPhase;
			buildActionMask = 2147483647;
			files = (
				7E95CE5EB23C529287591F99 /* Pods_Premiere___Control.framework in Frameworks */,
			);
			runOnlyForDeploymentPostprocessing = 0;
		};
		BC41FE9F1C060095004FBA72 /* Frameworks */ = {
			isa = PBXFrameworksBuildPhase;
			buildActionMask = 2147483647;
			files = (
			);
			runOnlyForDeploymentPostprocessing = 0;
		};
/* End PBXFrameworksBuildPhase section */

/* Begin PBXGroup section */
		8A084DF86E1D1367DD21BBBA /* Frameworks */ = {
			isa = PBXGroup;
			children = (
				CB251B22AE14EABF0FFD3B7B /* Pods_Premiere___Control.framework */,
			);
			name = Frameworks;
			sourceTree = "<group>";
		};
		8D0F15CA6CD23ECDC3B89A24 /* Pods */ = {
			isa = PBXGroup;
			children = (
				6E8E376138AC4D1DFB36A246 /* Pods-Premiere - Control.debug.xcconfig */,
				5EBD5621F1EE51BEDCDE10EC /* Pods-Premiere - Control.release.xcconfig */,
			);
			name = Pods;
			sourceTree = "<group>";
		};
		BC41FE831C060094004FBA72 = {
			isa = PBXGroup;
			children = (
				BC41FE8E1C060094004FBA72 /* Premiere - Control */,
				BC41FEA51C060095004FBA72 /* Premiere - ControlTests */,
				BC41FE8D1C060094004FBA72 /* Products */,
				8D0F15CA6CD23ECDC3B89A24 /* Pods */,
				8A084DF86E1D1367DD21BBBA /* Frameworks */,
			);
			sourceTree = "<group>";
		};
		BC41FE8D1C060094004FBA72 /* Products */ = {
			isa = PBXGroup;
			children = (
				BC41FE8C1C060094004FBA72 /* Premiere.app */,
				BC41FEA21C060095004FBA72 /* Premiere - ControlTests.xctest */,
			);
			name = Products;
			sourceTree = "<group>";
		};
		BC41FE8E1C060094004FBA72 /* Premiere - Control */ = {
			isa = PBXGroup;
			children = (
				BC41FEB11C060244004FBA72 /* Core */,
				BC41FEB31C06027E004FBA72 /* Fixtures */,
				BC6126FB1C15D10D00C22F5E /* Proprieties */,
				BC41FEB21C060249004FBA72 /* Submasters */,
				BC41FEB41C060283004FBA72 /* Cues */,
				BC41FEB51C06028C004FBA72 /* Other Views */,
			);
			path = "Premiere - Control";
			sourceTree = "<group>";
		};
		BC41FEA51C060095004FBA72 /* Premiere - ControlTests */ = {
			isa = PBXGroup;
			children = (
				BC41FEA61C060095004FBA72 /* Premiere___ControlTests.swift */,
				BC41FEA81C060095004FBA72 /* Info.plist */,
			);
			path = "Premiere - ControlTests";
			sourceTree = "<group>";
		};
		BC41FEB11C060244004FBA72 /* Core */ = {
			isa = PBXGroup;
			children = (
				BC41FE8F1C060094004FBA72 /* AppDelegate.swift */,
				BCD43B311C0B91CB005ABA97 /* Main.storyboard */,
				BC8B90951C34D8F200E39ED8 /* Aux.storyboard */,
				BC41FE981C060094004FBA72 /* Assets.xcassets */,
				BC41FE9A1C060094004FBA72 /* LaunchScreen.storyboard */,
				BC41FE9D1C060094004FBA72 /* Info.plist */,
				BCD43B391C0F457B005ABA97 /* Dimmer.swift */,
				BCD43B3B1C0F49A0005ABA97 /* DMX.swift */,
				BC5D9C4D1C2D154700E4DB6A /* Data.swift */,
				BCC0C64E1C36C17300E0E091 /* Premiere - Control-Bridging-Header.h */,
				BC7D337C1C493BFD00147FA6 /* Communications.swift */,
				BC07E00E1C51D66500052DC7 /* UDPNet.swift */,
			);
			name = Core;
			sourceTree = "<group>";
		};
		BC41FEB21C060249004FBA72 /* Submasters */ = {
			isa = PBXGroup;
			children = (
				BCD43AEB1C08BEB1005ABA97 /* Submaster.swift */,
				BC41FE931C060094004FBA72 /* SubmastersSplitViewController.swift */,
				BCD43ADF1C08A20A005ABA97 /* SubmasterTableViewController.swift */,
				BCD43AE71C08A5F5005ABA97 /* SubmasterTableViewCell.swift */,
				BC7025601C335EB4007E6411 /* SubmasterDetailViewController.swift */,
				BCD43AFF1C0AA7CC005ABA97 /* SubmasterEditViewController.swift */,
			);
			name = Submasters;
			sourceTree = "<group>";
		};
		BC41FEB31C06027E004FBA72 /* Fixtures */ = {
			isa = PBXGroup;
			children = (
				BCD43AE91C08BE96005ABA97 /* Fixture.swift */,
				BC41FE911C060094004FBA72 /* FixturesSplitViewController.swift */,
				BCD43ADD1C08A1EE005ABA97 /* FixtureTableViewController.swift */,
				BC6127041C15D55900C22F5E /* FixtureTableViewCell.swift */,
				BCBF4F3E1C168ED5008C7192 /* FixtureDetailViewController.swift */,
				BC6126F91C15CEC900C22F5E /* FixtureEditViewController.swift */,
				BC5C2B471C1DD90E00B16077 /* FixtureEditDynamicCells.swift */,
			);
			name = Fixtures;
			sourceTree = "<group>";
		};
		BC41FEB41C060283004FBA72 /* Cues */ = {
			isa = PBXGroup;
			children = (
				BCD43AEE1C092450005ABA97 /* Cue.swift */,
				BCD43AF21C0924B1005ABA97 /* CuesSplitViewController.swift */,
				BCD43AF41C0924C5005ABA97 /* CueTableViewController.swift */,
				BCD43AF61C0924E5005ABA97 /* CueTableViewCell.swift */,
				BCD43AF81C092509005ABA97 /* CueViewController.swift */,
				BCD43B021C0AA7DE005ABA97 /* CueEditViewController.swift */,
			);
			name = Cues;
			sourceTree = "<group>";
		};
		BC41FEB51C06028C004FBA72 /* Other Views */ = {
			isa = PBXGroup;
			children = (
				BCD43B371C0CA970005ABA97 /* OptionsTableViewController.swift */,
				BC6127081C1628CD00C22F5E /* KeypadViewController.swift */,
				BC8B90931C34D78400E39ED8 /* PopoverPicker.swift */,
			);
			name = "Other Views";
			sourceTree = "<group>";
		};
		BC6126FB1C15D10D00C22F5E /* Proprieties */ = {
			isa = PBXGroup;
			children = (
				BCD43B3D1C108B06005ABA97 /* Propriety.swift */,
				BC6126FC1C15D14100C22F5E /* GenericProperty.swift */,
				BC6126FE1C15D16E00C22F5E /* ColourProperty.swift */,
				BC6127001C15D1A100C22F5E /* ScrollerProperty.swift */,
				BC6127021C15D1C400C22F5E /* PositionProperty.swift */,
			);
			name = Proprieties;
			sourceTree = "<group>";
		};
/* End PBXGroup section */

/* Begin PBXNativeTarget section */
		BC41FE8B1C060094004FBA72 /* Premiere - Control */ = {
			isa = PBXNativeTarget;
			buildConfigurationList = BC41FEAB1C060095004FBA72 /* Build configuration list for PBXNativeTarget "Premiere - Control" */;
			buildPhases = (
				ED205C0C673FD51782BC9A92 /* Check Pods Manifest.lock */,
				BC41FE881C060094004FBA72 /* Sources */,
				BC41FE891C060094004FBA72 /* Frameworks */,
				BC41FE8A1C060094004FBA72 /* Resources */,
				4D8AC80032B6E9D32C870F01 /* Embed Pods Frameworks */,
				C5FA3EABF586A0676F850DD1 /* Copy Pods Resources */,
			);
			buildRules = (
			);
			dependencies = (
			);
			name = "Premiere - Control";
			productName = "Premiere - Control";
			productReference = BC41FE8C1C060094004FBA72 /* Premiere.app */;
			productType = "com.apple.product-type.application";
		};
		BC41FEA11C060095004FBA72 /* Premiere - ControlTests */ = {
			isa = PBXNativeTarget;
			buildConfigurationList = BC41FEAE1C060095004FBA72 /* Build configuration list for PBXNativeTarget "Premiere - ControlTests" */;
			buildPhases = (
				BC41FE9E1C060095004FBA72 /* Sources */,
				BC41FE9F1C060095004FBA72 /* Frameworks */,
				BC41FEA01C060095004FBA72 /* Resources */,
			);
			buildRules = (
			);
			dependencies = (
				BC41FEA41C060095004FBA72 /* PBXTargetDependency */,
			);
			name = "Premiere - ControlTests";
			productName = "Premiere - ControlTests";
			productReference = BC41FEA21C060095004FBA72 /* Premiere - ControlTests.xctest */;
			productType = "com.apple.product-type.bundle.unit-test";
		};
/* End PBXNativeTarget section */

/* Begin PBXProject section */
		BC41FE841C060094004FBA72 /* Project object */ = {
			isa = PBXProject;
			attributes = {
				KnownAssetTags = (
					"com.apple.gamecenter.Dashboard Image",
				);
				LastSwiftUpdateCheck = 0720;
				LastUpgradeCheck = 0720;
				ORGANIZATIONNAME = "Samuel Dewan";
				TargetAttributes = {
					BC41FE8B1C060094004FBA72 = {
						CreatedOnToolsVersion = 7.2;
						DevelopmentTeam = 9A8JKZZ857;
					};
					BC41FEA11C060095004FBA72 = {
						CreatedOnToolsVersion = 7.2;
						DevelopmentTeam = 9A8JKZZ857;
						TestTargetID = BC41FE8B1C060094004FBA72;
					};
				};
			};
			buildConfigurationList = BC41FE871C060094004FBA72 /* Build configuration list for PBXProject "Premiere - Control" */;
			compatibilityVersion = "Xcode 3.2";
			developmentRegion = English;
			hasScannedForEncodings = 0;
			knownRegions = (
				en,
				Base,
			);
			mainGroup = BC41FE831C060094004FBA72;
			productRefGroup = BC41FE8D1C060094004FBA72 /* Products */;
			projectDirPath = "";
			projectRoot = "";
			targets = (
				BC41FE8B1C060094004FBA72 /* Premiere - Control */,
				BC41FEA11C060095004FBA72 /* Premiere - ControlTests */,
			);
		};
/* End PBXProject section */

/* Begin PBXResourcesBuildPhase section */
		BC41FE8A1C060094004FBA72 /* Resources */ = {
			isa = PBXResourcesBuildPhase;
			buildActionMask = 2147483647;
			files = (
				BCD43B321C0B91CB005ABA97 /* Main.storyboard in Resources */,
				BC41FE9C1C060094004FBA72 /* LaunchScreen.storyboard in Resources */,
				BC41FE991C060094004FBA72 /* Assets.xcassets in Resources */,
				BC8B90961C34D8F200E39ED8 /* Aux.storyboard in Resources */,
			);
			runOnlyForDeploymentPostprocessing = 0;
		};
		BC41FEA01C060095004FBA72 /* Resources */ = {
			isa = PBXResourcesBuildPhase;
			buildActionMask = 2147483647;
			files = (
			);
			runOnlyForDeploymentPostprocessing = 0;
		};
/* End PBXResourcesBuildPhase section */

/* Begin PBXShellScriptBuildPhase section */
		4D8AC80032B6E9D32C870F01 /* Embed Pods Frameworks */ = {
			isa = PBXShellScriptBuildPhase;
			buildActionMask = 2147483647;
			files = (
			);
			inputPaths = (
			);
			name = "Embed Pods Frameworks";
			outputPaths = (
			);
			runOnlyForDeploymentPostprocessing = 0;
			shellPath = /bin/sh;
			shellScript = "\"${SRCROOT}/Pods/Target Support Files/Pods-Premiere - Control/Pods-Premiere - Control-frameworks.sh\"\n";
			showEnvVarsInLog = 0;
		};
		C5FA3EABF586A0676F850DD1 /* Copy Pods Resources */ = {
			isa = PBXShellScriptBuildPhase;
			buildActionMask = 2147483647;
			files = (
			);
			inputPaths = (
			);
			name = "Copy Pods Resources";
			outputPaths = (
			);
			runOnlyForDeploymentPostprocessing = 0;
			shellPath = /bin/sh;
			shellScript = "\"${SRCROOT}/Pods/Target Support Files/Pods-Premiere - Control/Pods-Premiere - Control-resources.sh\"\n";
			showEnvVarsInLog = 0;
		};
		ED205C0C673FD51782BC9A92 /* Check Pods Manifest.lock */ = {
			isa = PBXShellScriptBuildPhase;
			buildActionMask = 2147483647;
			files = (
			);
			inputPaths = (
			);
			name = "Check Pods Manifest.lock";
			outputPaths = (
			);
			runOnlyForDeploymentPostprocessing = 0;
			shellPath = /bin/sh;
			shellScript = "diff \"${PODS_ROOT}/../Podfile.lock\" \"${PODS_ROOT}/Manifest.lock\" > /dev/null\nif [[ $? != 0 ]] ; then\n    cat << EOM\nerror: The sandbox is not in sync with the Podfile.lock. Run 'pod install' or update your CocoaPods installation.\nEOM\n    exit 1\nfi\n";
			showEnvVarsInLog = 0;
		};
/* End PBXShellScriptBuildPhase section */

/* Begin PBXSourcesBuildPhase section */
		BC41FE881C060094004FBA72 /* Sources */ = {
			isa = PBXSourcesBuildPhase;
			buildActionMask = 2147483647;
			files = (
				BCD43B031C0AA7DE005ABA97 /* CueEditViewController.swift in Sources */,
				BC5D9C4E1C2D154700E4DB6A /* Data.swift in Sources */,
				BCD43B3E1C108B06005ABA97 /* Propriety.swift in Sources */,
				BC6127091C1628CD00C22F5E /* KeypadViewController.swift in Sources */,
				BCD43AF51C0924C5005ABA97 /* CueTableViewController.swift in Sources */,
				BCD43AEF1C092450005ABA97 /* Cue.swift in Sources */,
				BCD43B3A1C0F457B005ABA97 /* Dimmer.swift in Sources */,
				BC7D337D1C493BFD00147FA6 /* Communications.swift in Sources */,
				BCD43AF71C0924E5005ABA97 /* CueTableViewCell.swift in Sources */,
				BC6126FF1C15D16E00C22F5E /* ColourProperty.swift in Sources */,
				BCD43AE01C08A20A005ABA97 /* SubmasterTableViewController.swift in Sources */,
				BC07E00F1C51D66500052DC7 /* UDPNet.swift in Sources */,
				BC7025611C335EB4007E6411 /* SubmasterDetailViewController.swift in Sources */,
				BC6127031C15D1C400C22F5E /* PositionProperty.swift in Sources */,
				BC41FE941C060094004FBA72 /* SubmastersSplitViewController.swift in Sources */,
				BC41FE901C060094004FBA72 /* AppDelegate.swift in Sources */,
				BCD43AF31C0924B1005ABA97 /* CuesSplitViewController.swift in Sources */,
				BC6126FD1C15D14100C22F5E /* GenericProperty.swift in Sources */,
				BC6127011C15D1A100C22F5E /* ScrollerProperty.swift in Sources */,
				BCD43B381C0CA970005ABA97 /* OptionsTableViewController.swift in Sources */,
				BCD43B001C0AA7CC005ABA97 /* SubmasterEditViewController.swift in Sources */,
				BC5C2B481C1DD90E00B16077 /* FixtureEditDynamicCells.swift in Sources */,
				BCD43AEC1C08BEB1005ABA97 /* Submaster.swift in Sources */,
				BCD43ADE1C08A1EE005ABA97 /* FixtureTableViewController.swift in Sources */,
				BCBF4F3F1C168ED5008C7192 /* FixtureDetailViewController.swift in Sources */,
				BCD43B3C1C0F49A0005ABA97 /* DMX.swift in Sources */,
				BCD43AE81C08A5F5005ABA97 /* SubmasterTableViewCell.swift in Sources */,
				BC6127051C15D55900C22F5E /* FixtureTableViewCell.swift in Sources */,
				BCD43AEA1C08BE96005ABA97 /* Fixture.swift in Sources */,
				BC6126FA1C15CEC900C22F5E /* FixtureEditViewController.swift in Sources */,
				BC41FE921C060094004FBA72 /* FixturesSplitViewController.swift in Sources */,
				BCD43AF91C092509005ABA97 /* CueViewController.swift in Sources */,
				BC8B90941C34D78400E39ED8 /* PopoverPicker.swift in Sources */,
			);
			runOnlyForDeploymentPostprocessing = 0;
		};
		BC41FE9E1C060095004FBA72 /* Sources */ = {
			isa = PBXSourcesBuildPhase;
			buildActionMask = 2147483647;
			files = (
				BC41FEA71C060095004FBA72 /* Premiere___ControlTests.swift in Sources */,
			);
			runOnlyForDeploymentPostprocessing = 0;
		};
/* End PBXSourcesBuildPhase section */

/* Begin PBXTargetDependency section */
		BC41FEA41C060095004FBA72 /* PBXTargetDependency */ = {
			isa = PBXTargetDependency;
			target = BC41FE8B1C060094004FBA72 /* Premiere - Control */;
			targetProxy = BC41FEA31C060095004FBA72 /* PBXContainerItemProxy */;
		};
/* End PBXTargetDependency section */

/* Begin PBXVariantGroup section */
		BC41FE9A1C060094004FBA72 /* LaunchScreen.storyboard */ = {
			isa = PBXVariantGroup;
			children = (
				BC41FE9B1C060094004FBA72 /* Base */,
			);
			name = LaunchScreen.storyboard;
			sourceTree = "<group>";
		};
/* End PBXVariantGroup section */

/* Begin XCBuildConfiguration section */
		BC41FEA91C060095004FBA72 /* Debug */ = {
			isa = XCBuildConfiguration;
			buildSettings = {
				ALWAYS_SEARCH_USER_PATHS = NO;
				CLANG_CXX_LANGUAGE_STANDARD = "gnu++0x";
				CLANG_CXX_LIBRARY = "libc++";
				CLANG_ENABLE_MODULES = YES;
				CLANG_ENABLE_OBJC_ARC = YES;
				CLANG_WARN_BOOL_CONVERSION = YES;
				CLANG_WARN_CONSTANT_CONVERSION = YES;
				CLANG_WARN_DIRECT_OBJC_ISA_USAGE = YES_ERROR;
				CLANG_WARN_EMPTY_BODY = YES;
				CLANG_WARN_ENUM_CONVERSION = YES;
				CLANG_WARN_INT_CONVERSION = YES;
				CLANG_WARN_OBJC_ROOT_CLASS = YES_ERROR;
				CLANG_WARN_UNREACHABLE_CODE = YES;
				CLANG_WARN__DUPLICATE_METHOD_MATCH = YES;
				"CODE_SIGN_IDENTITY[sdk=iphoneos*]" = "iPhone Developer";
				COPY_PHASE_STRIP = NO;
				DEBUG_INFORMATION_FORMAT = dwarf;
				ENABLE_STRICT_OBJC_MSGSEND = YES;
				ENABLE_TESTABILITY = YES;
				GCC_C_LANGUAGE_STANDARD = gnu99;
				GCC_DYNAMIC_NO_PIC = NO;
				GCC_NO_COMMON_BLOCKS = YES;
				GCC_OPTIMIZATION_LEVEL = 0;
				GCC_PREPROCESSOR_DEFINITIONS = (
					"DEBUG=1",
					"$(inherited)",
				);
				GCC_WARN_64_TO_32_BIT_CONVERSION = YES;
				GCC_WARN_ABOUT_RETURN_TYPE = YES_ERROR;
				GCC_WARN_UNDECLARED_SELECTOR = YES;
				GCC_WARN_UNINITIALIZED_AUTOS = YES_AGGRESSIVE;
				GCC_WARN_UNUSED_FUNCTION = YES;
				GCC_WARN_UNUSED_VARIABLE = YES;
				IPHONEOS_DEPLOYMENT_TARGET = 9.0;
				MTL_ENABLE_DEBUG_INFO = YES;
				ONLY_ACTIVE_ARCH = YES;
				SDKROOT = iphoneos;
				SWIFT_OPTIMIZATION_LEVEL = "-Onone";
				TARGETED_DEVICE_FAMILY = "1,2";
			};
			name = Debug;
		};
		BC41FEAA1C060095004FBA72 /* Release */ = {
			isa = XCBuildConfiguration;
			buildSettings = {
				ALWAYS_SEARCH_USER_PATHS = NO;
				CLANG_CXX_LANGUAGE_STANDARD = "gnu++0x";
				CLANG_CXX_LIBRARY = "libc++";
				CLANG_ENABLE_MODULES = YES;
				CLANG_ENABLE_OBJC_ARC = YES;
				CLANG_WARN_BOOL_CONVERSION = YES;
				CLANG_WARN_CONSTANT_CONVERSION = YES;
				CLANG_WARN_DIRECT_OBJC_ISA_USAGE = YES_ERROR;
				CLANG_WARN_EMPTY_BODY = YES;
				CLANG_WARN_ENUM_CONVERSION = YES;
				CLANG_WARN_INT_CONVERSION = YES;
				CLANG_WARN_OBJC_ROOT_CLASS = YES_ERROR;
				CLANG_WARN_UNREACHABLE_CODE = YES;
				CLANG_WARN__DUPLICATE_METHOD_MATCH = YES;
				"CODE_SIGN_IDENTITY[sdk=iphoneos*]" = "iPhone Developer";
				COPY_PHASE_STRIP = NO;
				DEBUG_INFORMATION_FORMAT = "dwarf-with-dsym";
				ENABLE_NS_ASSERTIONS = NO;
				ENABLE_STRICT_OBJC_MSGSEND = YES;
				GCC_C_LANGUAGE_STANDARD = gnu99;
				GCC_NO_COMMON_BLOCKS = YES;
				GCC_WARN_64_TO_32_BIT_CONVERSION = YES;
				GCC_WARN_ABOUT_RETURN_TYPE = YES_ERROR;
				GCC_WARN_UNDECLARED_SELECTOR = YES;
				GCC_WARN_UNINITIALIZED_AUTOS = YES_AGGRESSIVE;
				GCC_WARN_UNUSED_FUNCTION = YES;
				GCC_WARN_UNUSED_VARIABLE = YES;
				IPHONEOS_DEPLOYMENT_TARGET = 9.0;
				MTL_ENABLE_DEBUG_INFO = NO;
				SDKROOT = iphoneos;
				TARGETED_DEVICE_FAMILY = "1,2";
				VALIDATE_PRODUCT = YES;
			};
			name = Release;
		};
		BC41FEAC1C060095004FBA72 /* Debug */ = {
			isa = XCBuildConfiguration;
			baseConfigurationReference = 6E8E376138AC4D1DFB36A246 /* Pods-Premiere - Control.debug.xcconfig */;
			buildSettings = {
				ASSETCATALOG_COMPILER_APPICON_NAME = AppIcon;
				CLANG_ENABLE_MODULES = YES;
				INFOPLIST_FILE = "Premiere - Control/Info.plist";
				LD_RUNPATH_SEARCH_PATHS = "$(inherited) @executable_path/Frameworks";
				PRODUCT_BUNDLE_IDENTIFIER = "samDewan.Premiere---Control";
				PRODUCT_NAME = Premiere;
				SWIFT_OBJC_BRIDGING_HEADER = "Premiere - Control/Premiere - Control-Bridging-Header.h";
				SWIFT_OPTIMIZATION_LEVEL = "-Onone";
			};
			name = Debug;
		};
		BC41FEAD1C060095004FBA72 /* Release */ = {
			isa = XCBuildConfiguration;
			baseConfigurationReference = 5EBD5621F1EE51BEDCDE10EC /* Pods-Premiere - Control.release.xcconfig */;
			buildSettings = {
				ASSETCATALOG_COMPILER_APPICON_NAME = AppIcon;
				CLANG_ENABLE_MODULES = YES;
				INFOPLIST_FILE = "Premiere - Control/Info.plist";
				LD_RUNPATH_SEARCH_PATHS = "$(inherited) @executable_path/Frameworks";
				PRODUCT_BUNDLE_IDENTIFIER = "samDewan.Premiere---Control";
				PRODUCT_NAME = Premiere;
				SWIFT_OBJC_BRIDGING_HEADER = "Premiere - Control/Premiere - Control-Bridging-Header.h";
			};
			name = Release;
		};
		BC41FEAF1C060095004FBA72 /* Debug */ = {
			isa = XCBuildConfiguration;
			buildSettings = {
				BUNDLE_LOADER = "$(TEST_HOST)";
				INFOPLIST_FILE = "Premiere - ControlTests/Info.plist";
				LD_RUNPATH_SEARCH_PATHS = "$(inherited) @executable_path/Frameworks @loader_path/Frameworks";
				PRODUCT_BUNDLE_IDENTIFIER = "samDewan.Premiere---ControlTests";
				PRODUCT_NAME = "$(TARGET_NAME)";
				TEST_HOST = "$(BUILT_PRODUCTS_DIR)/Premiere - Control.app/Premiere - Control";
			};
			name = Debug;
		};
		BC41FEB01C060095004FBA72 /* Release */ = {
			isa = XCBuildConfiguration;
			buildSettings = {
				BUNDLE_LOADER = "$(TEST_HOST)";
				INFOPLIST_FILE = "Premiere - ControlTests/Info.plist";
				LD_RUNPATH_SEARCH_PATHS = "$(inherited) @executable_path/Frameworks @loader_path/Frameworks";
				PRODUCT_BUNDLE_IDENTIFIER = "samDewan.Premiere---ControlTests";
				PRODUCT_NAME = "$(TARGET_NAME)";
				TEST_HOST = "$(BUILT_PRODUCTS_DIR)/Premiere - Control.app/Premiere - Control";
			};
			name = Release;
		};
/* End XCBuildConfiguration section */

/* Begin XCConfigurationList section */
		BC41FE871C060094004FBA72 /* Build configuration list for PBXProject "Premiere - Control" */ = {
			isa = XCConfigurationList;
			buildConfigurations = (
				BC41FEA91C060095004FBA72 /* Debug */,
				BC41FEAA1C060095004FBA72 /* Release */,
			);
			defaultConfigurationIsVisible = 0;
			defaultConfigurationName = Release;
		};
		BC41FEAB1C060095004FBA72 /* Build configuration list for PBXNativeTarget "Premiere - Control" */ = {
			isa = XCConfigurationList;
			buildConfigurations = (
				BC41FEAC1C060095004FBA72 /* Debug */,
				BC41FEAD1C060095004FBA72 /* Release */,
			);
			defaultConfigurationIsVisible = 0;
			defaultConfigurationName = Release;
		};
		BC41FEAE1C060095004FBA72 /* Build configuration list for PBXNativeTarget "Premiere - ControlTests" */ = {
			isa = XCConfigurationList;
			buildConfigurations = (
				BC41FEAF1C060095004FBA72 /* Debug */,
				BC41FEB01C060095004FBA72 /* Release */,
			);
			defaultConfigurationIsVisible = 0;
			defaultConfigurationName = Release;
		};
/* End XCConfigurationList section */
	};
	rootObject = BC41FE841C060094004FBA72 /* Project object */;
}
